
Microsoft Visual Studio Solution File, Format Version 12.00
# Visual Studio Version 16
VisualStudioVersion = 16.0.32126.315
MinimumVisualStudioVersion = 10.0.40219.1
Project("{FAE04EC0-301F-11D3-BF4B-00C04F79EFBC}") = "GayOS", "GayOS\GayOS.csproj", "{BF350DAC-BE40-47EF-AAC1-9339272CB997}"
EndProject
Global
	GlobalSection(SolutionConfigurationPlatforms) = preSolution
		Debug|Any CPU = Debug|Any CPU
		Release|Any CPU = Release|Any CPU
	EndGlobalSection
	GlobalSection(ProjectConfigurationPlatforms) = postSolution
		{BF350DAC-BE40-47EF-AAC1-9339272CB997}.Debug|Any CPU.ActiveCfg = Debug|Any CPU
		{BF350DAC-BE40-47EF-AAC1-9339272CB997}.Debug|Any CPU.Build.0 = Debug|Any CPU
		{BF350DAC-BE40-47EF-AAC1-9339272CB997}.Release|Any CPU.ActiveCfg = Release|Any CPU
		{BF350DAC-BE40-47EF-AAC1-9339272CB997}.Release|Any CPU.Build.0 = Release|Any CPU
	EndGlobalSection
	GlobalSection(SolutionProperties) = preSolution
		HideSolutionNode = FALSE
	EndGlobalSection
	GlobalSection(ExtensibilityGlobals) = postSolution
		SolutionGuid = {B03DE8F5-E972-424F-8A98-5EAF9E0E50C4}
	EndGlobalSection
EndGlobal
